// !$*UTF8*$!
{
	archiveVersion = 1;
	classes = {
	};
	objectVersion = 50;
	objects = {

/* Begin PBXBuildFile section */
		CEB1BBAC225AFB5200675E39 /* AppDelegate.m in Sources */ = {isa = PBXBuildFile; fileRef = CEB1BBAB225AFB5200675E39 /* AppDelegate.m */; };
		CEB1BBAF225AFB5200675E39 /* ViewController.m in Sources */ = {isa = PBXBuildFile; fileRef = CEB1BBAE225AFB5200675E39 /* ViewController.m */; };
		CEB1BBB2225AFB5200675E39 /* Main.storyboard in Resources */ = {isa = PBXBuildFile; fileRef = CEB1BBB0225AFB5200675E39 /* Main.storyboard */; };
		CEB1BBB4225AFB5400675E39 /* Assets.xcassets in Resources */ = {isa = PBXBuildFile; fileRef = CEB1BBB3225AFB5400675E39 /* Assets.xcassets */; };
		CEB1BBB7225AFB5400675E39 /* LaunchScreen.storyboard in Resources */ = {isa = PBXBuildFile; fileRef = CEB1BBB5225AFB5400675E39 /* LaunchScreen.storyboard */; };
		CEB1BBBA225AFB5400675E39 /* main.m in Sources */ = {isa = PBXBuildFile; fileRef = CEB1BBB9225AFB5400675E39 /* main.m */; };
		CEB1BBC4225AFB5400675E39 /* BlockTestTests.m in Sources */ = {isa = PBXBuildFile; fileRef = CEB1BBC3225AFB5400675E39 /* BlockTestTests.m */; };
		CEB1BBCF225AFB5400675E39 /* BlockTestUITests.m in Sources */ = {isa = PBXBuildFile; fileRef = CEB1BBCE225AFB5400675E39 /* BlockTestUITests.m */; };
		CEB1BBF1225B034F00675E39 /* Person.m in Sources */ = {isa = PBXBuildFile; fileRef = CEB1BBF0225B034F00675E39 /* Person.m */; };
/* End PBXBuildFile section */

/* Begin PBXContainerItemProxy section */
		CEB1BBC0225AFB5400675E39 /* PBXContainerItemProxy */ = {
			isa = PBXContainerItemProxy;
			containerPortal = CEB1BB9F225AFB5200675E39 /* Project object */;
			proxyType = 1;
			remoteGlobalIDString = CEB1BBA6225AFB5200675E39;
			remoteInfo = BlockTest;
		};
		CEB1BBCB225AFB5400675E39 /* PBXContainerItemProxy */ = {
			isa = PBXContainerItemProxy;
			containerPortal = CEB1BB9F225AFB5200675E39 /* Project object */;
			proxyType = 1;
			remoteGlobalIDString = CEB1BBA6225AFB5200675E39;
			remoteInfo = BlockTest;
		};
/* End PBXContainerItemProxy section */

/* Begin PBXFileReference section */
		CEB1BBA7225AFB5200675E39 /* BlockTest.app */ = {isa = PBXFileReference; explicitFileType = wrapper.application; includeInIndex = 0; path = BlockTest.app; sourceTree = BUILT_PRODUCTS_DIR; };
		CEB1BBAA225AFB5200675E39 /* AppDelegate.h */ = {isa = PBXFileReference; lastKnownFileType = sourcecode.c.h; path = AppDelegate.h; sourceTree = "<group>"; };
		CEB1BBAB225AFB5200675E39 /* AppDelegate.m */ = {isa = PBXFileReference; lastKnownFileType = sourcecode.c.objc; path = AppDelegate.m; sourceTree = "<group>"; };
		CEB1BBAD225AFB5200675E39 /* ViewController.h */ = {isa = PBXFileReference; lastKnownFileType = sourcecode.c.h; path = ViewController.h; sourceTree = "<group>"; };
		CEB1BBAE225AFB5200675E39 /* ViewController.m */ = {isa = PBXFileReference; lastKnownFileType = sourcecode.c.objc; path = ViewController.m; sourceTree = "<group>"; };
		CEB1BBB1225AFB5200675E39 /* Base */ = {isa = PBXFileReference; lastKnownFileType = file.storyboard; name = Base; path = Base.lproj/Main.storyboard; sourceTree = "<group>"; };
		CEB1BBB3225AFB5400675E39 /* Assets.xcassets */ = {isa = PBXFileReference; lastKnownFileType = folder.assetcatalog; path = Assets.xcassets; sourceTree = "<group>"; };
		CEB1BBB6225AFB5400675E39 /* Base */ = {isa = PBXFileReference; lastKnownFileType = file.storyboard; name = Base; path = Base.lproj/LaunchScreen.storyboard; sourceTree = "<group>"; };
		CEB1BBB8225AFB5400675E39 /* Info.plist */ = {isa = PBXFileReference; lastKnownFileType = text.plist.xml; path = Info.plist; sourceTree = "<group>"; };
		CEB1BBB9225AFB5400675E39 /* main.m */ = {isa = PBXFileReference; lastKnownFileType = sourcecode.c.objc; path = main.m; sourceTree = "<group>"; };
		CEB1BBBF225AFB5400675E39 /* BlockTestTests.xctest */ = {isa = PBXFileReference; explicitFileType = wrapper.cfbundle; includeInIndex = 0; path = BlockTestTests.xctest; sourceTree = BUILT_PRODUCTS_DIR; };
		CEB1BBC3225AFB5400675E39 /* BlockTestTests.m */ = {isa = PBXFileReference; lastKnownFileType = sourcecode.c.objc; path = BlockTestTests.m; sourceTree = "<group>"; };
		CEB1BBC5225AFB5400675E39 /* Info.plist */ = {isa = PBXFileReference; lastKnownFileType = text.plist.xml; path = Info.plist; sourceTree = "<group>"; };
		CEB1BBCA225AFB5400675E39 /* BlockTestUITests.xctest */ = {isa = PBXFileReference; explicitFileType = wrapper.cfbundle; includeInIndex = 0; path = BlockTestUITests.xctest; sourceTree = BUILT_PRODUCTS_DIR; };
		CEB1BBCE225AFB5400675E39 /* BlockTestUITests.m */ = {isa = PBXFileReference; lastKnownFileType = sourcecode.c.objc; path = BlockTestUITests.m; sourceTree = "<group>"; };
		CEB1BBD0225AFB5400675E39 /* Info.plist */ = {isa = PBXFileReference; lastKnownFileType = text.plist.xml; path = Info.plist; sourceTree = "<group>"; };
		CEB1BBEF225B034F00675E39 /* Person.h */ = {isa = PBXFileReference; lastKnownFileType = sourcecode.c.h; path = Person.h; sourceTree = "<group>"; };
		CEB1BBF0225B034F00675E39 /* Person.m */ = {isa = PBXFileReference; lastKnownFileType = sourcecode.c.objc; path = Person.m; sourceTree = "<group>"; };
/* End PBXFileReference section */

/* Begin PBXFrameworksBuildPhase section */
		CEB1BBA4225AFB5200675E39 /* Frameworks */ = {
			isa = PBXFrameworksBuildPhase;
			buildActionMask = 2147483647;
			files = (
			);
			runOnlyForDeploymentPostprocessing = 0;
		};
		CEB1BBBC225AFB5400675E39 /* Frameworks */ = {
			isa = PBXFrameworksBuildPhase;
			buildActionMask = 2147483647;
			files = (
			);
			runOnlyForDeploymentPostprocessing = 0;
		};
		CEB1BBC7225AFB5400675E39 /* Frameworks */ = {
			isa = PBXFrameworksBuildPhase;
			buildActionMask = 2147483647;
			files = (
			);
			runOnlyForDeploymentPostprocessing = 0;
		};
/* End PBXFrameworksBuildPhase section */

/* Begin PBXGroup section */
		CEB1BB9E225AFB5200675E39 = {
			isa = PBXGroup;
			children = (
				CEB1BBA9225AFB5200675E39 /* BlockTest */,
				CEB1BBC2225AFB5400675E39 /* BlockTestTests */,
				CEB1BBCD225AFB5400675E39 /* BlockTestUITests */,
				CEB1BBA8225AFB5200675E39 /* Products */,
			);
			sourceTree = "<group>";
		};
		CEB1BBA8225AFB5200675E39 /* Products */ = {
			isa = PBXGroup;
			children = (
				CEB1BBA7225AFB5200675E39 /* BlockTest.app */,
				CEB1BBBF225AFB5400675E39 /* BlockTestTests.xctest */,
				CEB1BBCA225AFB5400675E39 /* BlockTestUITests.xctest */,
			);
			name = Products;
			sourceTree = "<group>";
		};
		CEB1BBA9225AFB5200675E39 /* BlockTest */ = {
			isa = PBXGroup;
			children = (
				CEB1BBAA225AFB5200675E39 /* AppDelegate.h */,
				CEB1BBAB225AFB5200675E39 /* AppDelegate.m */,
				CEB1BBAD225AFB5200675E39 /* ViewController.h */,
				CEB1BBAE225AFB5200675E39 /* ViewController.m */,
				CEB1BBB0225AFB5200675E39 /* Main.storyboard */,
				CEB1BBB3225AFB5400675E39 /* Assets.xcassets */,
				CEB1BBB5225AFB5400675E39 /* LaunchScreen.storyboard */,
				CEB1BBB8225AFB5400675E39 /* Info.plist */,
				CEB1BBB9225AFB5400675E39 /* main.m */,
				CEB1BBEF225B034F00675E39 /* Person.h */,
				CEB1BBF0225B034F00675E39 /* Person.m */,
			);
			path = BlockTest;
			sourceTree = "<group>";
		};
		CEB1BBC2225AFB5400675E39 /* BlockTestTests */ = {
			isa = PBXGroup;
			children = (
				CEB1BBC3225AFB5400675E39 /* BlockTestTests.m */,
				CEB1BBC5225AFB5400675E39 /* Info.plist */,
			);
			path = BlockTestTests;
			sourceTree = "<group>";
		};
		CEB1BBCD225AFB5400675E39 /* BlockTestUITests */ = {
			isa = PBXGroup;
			children = (
				CEB1BBCE225AFB5400675E39 /* BlockTestUITests.m */,
				CEB1BBD0225AFB5400675E39 /* Info.plist */,
			);
			path = BlockTestUITests;
			sourceTree = "<group>";
		};
/* End PBXGroup section */

/* Begin PBXNativeTarget section */
		CEB1BBA6225AFB5200675E39 /* BlockTest */ = {
			isa = PBXNativeTarget;
			buildConfigurationList = CEB1BBD3225AFB5400675E39 /* Build configuration list for PBXNativeTarget "BlockTest" */;
			buildPhases = (
				CEB1BBA3225AFB5200675E39 /* Sources */,
				CEB1BBA4225AFB5200675E39 /* Frameworks */,
				CEB1BBA5225AFB5200675E39 /* Resources */,
			);
			buildRules = (
			);
			dependencies = (
			);
			name = BlockTest;
			productName = BlockTest;
			productReference = CEB1BBA7225AFB5200675E39 /* BlockTest.app */;
			productType = "com.apple.product-type.application";
		};
		CEB1BBBE225AFB5400675E39 /* BlockTestTests */ = {
			isa = PBXNativeTarget;
			buildConfigurationList = CEB1BBD6225AFB5400675E39 /* Build configuration list for PBXNativeTarget "BlockTestTests" */;
			buildPhases = (
				CEB1BBBB225AFB5400675E39 /* Sources */,
				CEB1BBBC225AFB5400675E39 /* Frameworks */,
				CEB1BBBD225AFB5400675E39 /* Resources */,
			);
			buildRules = (
			);
			dependencies = (
				CEB1BBC1225AFB5400675E39 /* PBXTargetDependency */,
			);
			name = BlockTestTests;
			productName = BlockTestTests;
			productReference = CEB1BBBF225AFB5400675E39 /* BlockTestTests.xctest */;
			productType = "com.apple.product-type.bundle.unit-test";
		};
		CEB1BBC9225AFB5400675E39 /* BlockTestUITests */ = {
			isa = PBXNativeTarget;
			buildConfigurationList = CEB1BBD9225AFB5400675E39 /* Build configuration list for PBXNativeTarget "BlockTestUITests" */;
			buildPhases = (
				CEB1BBC6225AFB5400675E39 /* Sources */,
				CEB1BBC7225AFB5400675E39 /* Frameworks */,
				CEB1BBC8225AFB5400675E39 /* Resources */,
			);
			buildRules = (
			);
			dependencies = (
				CEB1BBCC225AFB5400675E39 /* PBXTargetDependency */,
			);
			name = BlockTestUITests;
			productName = BlockTestUITests;
			productReference = CEB1BBCA225AFB5400675E39 /* BlockTestUITests.xctest */;
			productType = "com.apple.product-type.bundle.ui-testing";
		};
/* End PBXNativeTarget section */

/* Begin PBXProject section */
		CEB1BB9F225AFB5200675E39 /* Project object */ = {
			isa = PBXProject;
			attributes = {
				LastUpgradeCheck = 1000;
				ORGANIZATIONNAME = dd01.leo;
				TargetAttributes = {
					CEB1BBA6225AFB5200675E39 = {
						CreatedOnToolsVersion = 10.0;
					};
					CEB1BBBE225AFB5400675E39 = {
						CreatedOnToolsVersion = 10.0;
						TestTargetID = CEB1BBA6225AFB5200675E39;
					};
					CEB1BBC9225AFB5400675E39 = {
						CreatedOnToolsVersion = 10.0;
						TestTargetID = CEB1BBA6225AFB5200675E39;
					};
				};
			};
			buildConfigurationList = CEB1BBA2225AFB5200675E39 /* Build configuration list for PBXProject "BlockTest" */;
			compatibilityVersion = "Xcode 9.3";
			developmentRegion = en;
			hasScannedForEncodings = 0;
			knownRegions = (
				en,
				Base,
			);
			mainGroup = CEB1BB9E225AFB5200675E39;
			productRefGroup = CEB1BBA8225AFB5200675E39 /* Products */;
			projectDirPath = "";
			projectRoot = "";
			targets = (
				CEB1BBA6225AFB5200675E39 /* BlockTest */,
				CEB1BBBE225AFB5400675E39 /* BlockTestTests */,
				CEB1BBC9225AFB5400675E39 /* BlockTestUITests */,
			);
		};
/* End PBXProject section */

/* Begin PBXResourcesBuildPhase section */
		CEB1BBA5225AFB5200675E39 /* Resources */ = {
			isa = PBXResourcesBuildPhase;
			buildActionMask = 2147483647;
			files = (
				CEB1BBB7225AFB5400675E39 /* LaunchScreen.storyboard in Resources */,
				CEB1BBB4225AFB5400675E39 /* Assets.xcassets in Resources */,
				CEB1BBB2225AFB5200675E39 /* Main.storyboard in Resources */,
			);
			runOnlyForDeploymentPostprocessing = 0;
		};
		CEB1BBBD225AFB5400675E39 /* Resources */ = {
			isa = PBXResourcesBuildPhase;
			buildActionMask = 2147483647;
			files = (
			);
			runOnlyForDeploymentPostprocessing = 0;
		};
		CEB1BBC8225AFB5400675E39 /* Resources */ = {
			isa = PBXResourcesBuildPhase;
			buildActionMask = 2147483647;
			files = (
			);
			runOnlyForDeploymentPostprocessing = 0;
		};
/* End PBXResourcesBuildPhase section */

/* Begin PBXSourcesBuildPhase section */
		CEB1BBA3225AFB5200675E39 /* Sources */ = {
			isa = PBXSourcesBuildPhase;
			buildActionMask = 2147483647;
			files = (
				CEB1BBAF225AFB5200675E39 /* ViewController.m in Sources */,
				CEB1BBBA225AFB5400675E39 /* main.m in Sources */,
				CEB1BBF1225B034F00675E39 /* Person.m in Sources */,
				CEB1BBAC225AFB5200675E39 /* AppDelegate.m in Sources */,
			);
			runOnlyForDeploymentPostprocessing = 0;
		};
		CEB1BBBB225AFB5400675E39 /* Sources */ = {
			isa = PBXSourcesBuildPhase;
			buildActionMask = 2147483647;
			files = (
				CEB1BBC4225AFB5400675E39 /* BlockTestTests.m in Sources */,
			);
			runOnlyForDeploymentPostprocessing = 0;
		};
		CEB1BBC6225AFB5400675E39 /* Sources */ = {
			isa = PBXSourcesBuildPhase;
			buildActionMask = 2147483647;
			files = (
				CEB1BBCF225AFB5400675E39 /* BlockTestUITests.m in Sources */,
			);
			runOnlyForDeploymentPostprocessing = 0;
		};
/* End PBXSourcesBuildPhase section */

/* Begin PBXTargetDependency section */
		CEB1BBC1225AFB5400675E39 /* PBXTargetDependency */ = {
			isa = PBXTargetDependency;
			target = CEB1BBA6225AFB5200675E39 /* BlockTest */;
			targetProxy = CEB1BBC0225AFB5400675E39 /* PBXContainerItemProxy */;
		};
		CEB1BBCC225AFB5400675E39 /* PBXTargetDependency */ = {
			isa = PBXTargetDependency;
			target = CEB1BBA6225AFB5200675E39 /* BlockTest */;
			targetProxy = CEB1BBCB225AFB5400675E39 /* PBXContainerItemProxy */;
		};
/* End PBXTargetDependency section */

/* Begin PBXVariantGroup section */
		CEB1BBB0225AFB5200675E39 /* Main.storyboard */ = {
			isa = PBXVariantGroup;
			children = (
				CEB1BBB1225AFB5200675E39 /* Base */,
			);
			name = Main.storyboard;
			sourceTree = "<group>";
		};
		CEB1BBB5225AFB5400675E39 /* LaunchScreen.storyboard */ = {
			isa = PBXVariantGroup;
			children = (
				CEB1BBB6225AFB5400675E39 /* Base */,
			);
			name = LaunchScreen.storyboard;
			sourceTree = "<group>";
		};
/* End PBXVariantGroup section */

/* Begin XCBuildConfiguration section */
		CEB1BBD1225AFB5400675E39 /* Debug */ = {
			isa = XCBuildConfiguration;
			buildSettings = {
				ALWAYS_SEARCH_USER_PATHS = NO;
				CLANG_ANALYZER_NONNULL = YES;
				CLANG_ANALYZER_NUMBER_OBJECT_CONVERSION = YES_AGGRESSIVE;
				CLANG_CXX_LANGUAGE_STANDARD = "gnu++14";
				CLANG_CXX_LIBRARY = "libc++";
				CLANG_ENABLE_MODULES = YES;
				CLANG_ENABLE_OBJC_ARC = YES;
				CLANG_ENABLE_OBJC_WEAK = YES;
				CLANG_WARN_BLOCK_CAPTURE_AUTORELEASING = YES;
				CLANG_WARN_BOOL_CONVERSION = YES;
				CLANG_WARN_COMMA = YES;
				CLANG_WARN_CONSTANT_CONVERSION = YES;
				CLANG_WARN_DEPRECATED_OBJC_IMPLEMENTATIONS = YES;
				CLANG_WARN_DIRECT_OBJC_ISA_USAGE = YES_ERROR;
				CLANG_WARN_DOCUMENTATION_COMMENTS = YES;
				CLANG_WARN_EMPTY_BODY = YES;
				CLANG_WARN_ENUM_CONVERSION = YES;
				CLANG_WARN_INFINITE_RECURSION = YES;
				CLANG_WARN_INT_CONVERSION = YES;
				CLANG_WARN_NON_LITERAL_NULL_CONVERSION = YES;
				CLANG_WARN_OBJC_IMPLICIT_RETAIN_SELF = YES;
				CLANG_WARN_OBJC_LITERAL_CONVERSION = YES;
				CLANG_WARN_OBJC_ROOT_CLASS = YES_ERROR;
				CLANG_WARN_RANGE_LOOP_ANALYSIS = YES;
				CLANG_WARN_STRICT_PROTOTYPES = YES;
				CLANG_WARN_SUSPICIOUS_MOVE = YES;
				CLANG_WARN_UNGUARDED_AVAILABILITY = YES_AGGRESSIVE;
				CLANG_WARN_UNREACHABLE_CODE = YES;
				CLANG_WARN__DUPLICATE_METHOD_MATCH = YES;
				CODE_SIGN_IDENTITY = "iPhone Developer";
				COPY_PHASE_STRIP = NO;
				DEBUG_INFORMATION_FORMAT = dwarf;
				ENABLE_STRICT_OBJC_MSGSEND = YES;
				ENABLE_TESTABILITY = YES;
				GCC_C_LANGUAGE_STANDARD = gnu11;
				GCC_DYNAMIC_NO_PIC = NO;
				GCC_NO_COMMON_BLOCKS = YES;
				GCC_OPTIMIZATION_LEVEL = 0;
				GCC_PREPROCESSOR_DEFINITIONS = (
					"DEBUG=1",
					"$(inherited)",
				);
				GCC_WARN_64_TO_32_BIT_CONVERSION = YES;
				GCC_WARN_ABOUT_RETURN_TYPE = YES_ERROR;
				GCC_WARN_UNDECLARED_SELECTOR = YES;
				GCC_WARN_UNINITIALIZED_AUTOS = YES_AGGRESSIVE;
				GCC_WARN_UNUSED_FUNCTION = YES;
				GCC_WARN_UNUSED_VARIABLE = YES;
				IPHONEOS_DEPLOYMENT_TARGET = 12.0;
				MTL_ENABLE_DEBUG_INFO = INCLUDE_SOURCE;
				MTL_FAST_MATH = YES;
				ONLY_ACTIVE_ARCH = YES;
				SDKROOT = iphoneos;
			};
			name = Debug;
		};
		CEB1BBD2225AFB5400675E39 /* Release */ = {
			isa = XCBuildConfiguration;
			buildSettings = {
				ALWAYS_SEARCH_USER_PATHS = NO;
				CLANG_ANALYZER_NONNULL = YES;
				CLANG_ANALYZER_NUMBER_OBJECT_CONVERSION = YES_AGGRESSIVE;
				CLANG_CXX_LANGUAGE_STANDARD = "gnu++14";
				CLANG_CXX_LIBRARY = "libc++";
				CLANG_ENABLE_MODULES = YES;
				CLANG_ENABLE_OBJC_ARC = YES;
				CLANG_ENABLE_OBJC_WEAK = YES;
				CLANG_WARN_BLOCK_CAPTURE_AUTORELEASING = YES;
				CLANG_WARN_BOOL_CONVERSION = YES;
				CLANG_WARN_COMMA = YES;
				CLANG_WARN_CONSTANT_CONVERSION = YES;
				CLANG_WARN_DEPRECATED_OBJC_IMPLEMENTATIONS = YES;
				CLANG_WARN_DIRECT_OBJC_ISA_USAGE = YES_ERROR;
				CLANG_WARN_DOCUMENTATION_COMMENTS = YES;
				CLANG_WARN_EMPTY_BODY = YES;
				CLANG_WARN_ENUM_CONVERSION = YES;
				CLANG_WARN_INFINITE_RECURSION = YES;
				CLANG_WARN_INT_CONVERSION = YES;
				CLANG_WARN_NON_LITERAL_NULL_CONVERSION = YES;
				CLANG_WARN_OBJC_IMPLICIT_RETAIN_SELF = YES;
				CLANG_WARN_OBJC_LITERAL_CONVERSION = YES;
				CLANG_WARN_OBJC_ROOT_CLASS = YES_ERROR;
				CLANG_WARN_RANGE_LOOP_ANALYSIS = YES;
				CLANG_WARN_STRICT_PROTOTYPES = YES;
				CLANG_WARN_SUSPICIOUS_MOVE = YES;
				CLANG_WARN_UNGUARDED_AVAILABILITY = YES_AGGRESSIVE;
				CLANG_WARN_UNREACHABLE_CODE = YES;
				CLANG_WARN__DUPLICATE_METHOD_MATCH = YES;
				CODE_SIGN_IDENTITY = "iPhone Developer";
				COPY_PHASE_STRIP = NO;
				DEBUG_INFORMATION_FORMAT = "dwarf-with-dsym";
				ENABLE_NS_ASSERTIONS = NO;
				ENABLE_STRICT_OBJC_MSGSEND = YES;
				GCC_C_LANGUAGE_STANDARD = gnu11;
				GCC_NO_COMMON_BLOCKS = YES;
				GCC_WARN_64_TO_32_BIT_CONVERSION = YES;
				GCC_WARN_ABOUT_RETURN_TYPE = YES_ERROR;
				GCC_WARN_UNDECLARED_SELECTOR = YES;
				GCC_WARN_UNINITIALIZED_AUTOS = YES_AGGRESSIVE;
				GCC_WARN_UNUSED_FUNCTION = YES;
				GCC_WARN_UNUSED_VARIABLE = YES;
				IPHONEOS_DEPLOYMENT_TARGET = 12.0;
				MTL_ENABLE_DEBUG_INFO = NO;
				MTL_FAST_MATH = YES;
				SDKROOT = iphoneos;
				VALIDATE_PRODUCT = YES;
			};
			name = Release;
		};
		CEB1BBD4225AFB5400675E39 /* Debug */ = {
			isa = XCBuildConfiguration;
			buildSettings = {
				ASSETCATALOG_COMPILER_APPICON_NAME = AppIcon;
				CODE_SIGN_STYLE = Automatic;
				DEVELOPMENT_TEAM = 7R5PJC2799;
				INFOPLIST_FILE = BlockTest/Info.plist;
				LD_RUNPATH_SEARCH_PATHS = (
					"$(inherited)",
					"@executable_path/Frameworks",
				);
				PRODUCT_BUNDLE_IDENTIFIER = com.dadi01.vip.BlockTest;
				PRODUCT_NAME = "$(TARGET_NAME)";
				TARGETED_DEVICE_FAMILY = "1,2";
			};
			name = Debug;
		};
		CEB1BBD5225AFB5400675E39 /* Release */ = {
			isa = XCBuildConfiguration;
			buildSettings = {
				ASSETCATALOG_COMPILER_APPICON_NAME = AppIcon;
				CODE_SIGN_STYLE = Automatic;
				DEVELOPMENT_TEAM = 7R5PJC2799;
				INFOPLIST_FILE = BlockTest/Info.plist;
				LD_RUNPATH_SEARCH_PATHS = (
					"$(inherited)",
					"@executable_path/Frameworks",
				);
				PRODUCT_BUNDLE_IDENTIFIER = com.dadi01.vip.BlockTest;
				PRODUCT_NAME = "$(TARGET_NAME)";
				TARGETED_DEVICE_FAMILY = "1,2";
			};
			name = Release;
		};
		CEB1BBD7225AFB5400675E39 /* Debug */ = {
			isa = XCBuildConfiguration;
			buildSettings = {
				BUNDLE_LOADER = "$(TEST_HOST)";
				CODE_SIGN_STYLE = Automatic;
				DEVELOPMENT_TEAM = 7R5PJC2799;
				INFOPLIST_FILE = BlockTestTests/Info.plist;
				LD_RUNPATH_SEARCH_PATHS = (
					"$(inherited)",
					"@executable_path/Frameworks",
					"@loader_path/Frameworks",
				);
				PRODUCT_BUNDLE_IDENTIFIER = com.dadi01.vip.BlockTestTests;
				PRODUCT_NAME = "$(TARGET_NAME)";
				TARGETED_DEVICE_FAMILY = "1,2";
				TEST_HOST = "$(BUILT_PRODUCTS_DIR)/BlockTest.app/BlockTest";
			};
			name = Debug;
		};
		CEB1BBD8225AFB5400675E39 /* Release */ = {
			isa = XCBuildConfiguration;
			buildSettings = {
				BUNDLE_LOADER = "$(TEST_HOST)";
				CODE_SIGN_STYLE = Automatic;
				DEVELOPMENT_TEAM = 7R5PJC2799;
				INFOPLIST_FILE = BlockTestTests/Info.plist;
				LD_RUNPATH_SEARCH_PATHS = (
					"$(inherited)",
					"@executable_path/Frameworks",
					"@loader_path/Frameworks",
				);
				PRODUCT_BUNDLE_IDENTIFIER = com.dadi01.vip.BlockTestTests;
				PRODUCT_NAME = "$(TARGET_NAME)";
				TARGETED_DEVICE_FAMILY = "1,2";
				TEST_HOST = "$(BUILT_PRODUCTS_DIR)/BlockTest.app/BlockTest";
			};
			name = Release;
		};
		CEB1BBDA225AFB5400675E39 /* Debug */ = {
			isa = XCBuildConfiguration;
			buildSettings = {
				CODE_SIGN_STYLE = Automatic;
				DEVELOPMENT_TEAM = 7R5PJC2799;
				INFOPLIST_FILE = BlockTestUITests/Info.plist;
				LD_RUNPATH_SEARCH_PATHS = (
					"$(inherited)",
					"@executable_path/Frameworks",
					"@loader_path/Frameworks",
				);
				PRODUCT_BUNDLE_IDENTIFIER = com.dadi01.vip.BlockTestUITests;
				PRODUCT_NAME = "$(TARGET_NAME)";
				TARGETED_DEVICE_FAMILY = "1,2";
				TEST_TARGET_NAME = BlockTest;
			};
			name = Debug;
		};
		CEB1BBDB225AFB5400675E39 /* Release */ = {
			isa = XCBuildConfiguration;
			buildSettings = {
				CODE_SIGN_STYLE = Automatic;
				DEVELOPMENT_TEAM = 7R5PJC2799;
				INFOPLIST_FILE = BlockTestUITests/Info.plist;
				LD_RUNPATH_SEARCH_PATHS = (
					"$(inherited)",
					"@executable_path/Frameworks",
					"@loader_path/Frameworks",
				);
				PRODUCT_BUNDLE_IDENTIFIER = com.dadi01.vip.BlockTestUITests;
				PRODUCT_NAME = "$(TARGET_NAME)";
				TARGETED_DEVICE_FAMILY = "1,2";
				TEST_TARGET_NAME = BlockTest;
			};
			name = Release;
		};
/* End XCBuildConfiguration section */

/* Begin XCConfigurationList section */
		CEB1BBA2225AFB5200675E39 /* Build configuration list for PBXProject "BlockTest" */ = {
			isa = XCConfigurationList;
			buildConfigurations = (
				CEB1BBD1225AFB5400675E39 /* Debug */,
				CEB1BBD2225AFB5400675E39 /* Release */,
			);
			defaultConfigurationIsVisible = 0;
			defaultConfigurationName = Release;
		};
		CEB1BBD3225AFB5400675E39 /* Build configuration list for PBXNativeTarget "BlockTest" */ = {
			isa = XCConfigurationList;
			buildConfigurations = (
				CEB1BBD4225AFB5400675E39 /* Debug */,
				CEB1BBD5225AFB5400675E39 /* Release */,
			);
			defaultConfigurationIsVisible = 0;
			defaultConfigurationName = Release;
		};
		CEB1BBD6225AFB5400675E39 /* Build configuration list for PBXNativeTarget "BlockTestTests" */ = {
			isa = XCConfigurationList;
			buildConfigurations = (
				CEB1BBD7225AFB5400675E39 /* Debug */,
				CEB1BBD8225AFB5400675E39 /* Release */,
			);
			defaultConfigurationIsVisible = 0;
			defaultConfigurationName = Release;
		};
		CEB1BBD9225AFB5400675E39 /* Build configuration list for PBXNativeTarget "BlockTestUITests" */ = {
			isa = XCConfigurationList;
			buildConfigurations = (
				CEB1BBDA225AFB5400675E39 /* Debug */,
				CEB1BBDB225AFB5400675E39 /* Release */,
			);
			defaultConfigurationIsVisible = 0;
			defaultConfigurationName = Release;
		};
/* End XCConfigurationList section */
	};
	rootObject = CEB1BB9F225AFB5200675E39 /* Project object */;
}
